
Microsoft Visual Studio Solution File, Format Version 12.00
# Visual Studio Version 16
VisualStudioVersion = 16.0.810.16
MinimumVisualStudioVersion = 10.0.40219.1
Project("{FAE04EC0-301F-11D3-BF4B-00C04F79EFBC}") = "meal-service", "meal-service.csproj", "{FB288D9D-ED62-4182-B440-3909A6C19F14}"
EndProject
Global
	GlobalSection(SolutionConfigurationPlatforms) = preSolution
		Debug|Any CPU = Debug|Any CPU
		Release|Any CPU = Release|Any CPU
	EndGlobalSection
	GlobalSection(ProjectConfigurationPlatforms) = postSolution
		{FB288D9D-ED62-4182-B440-3909A6C19F14}.Debug|Any CPU.ActiveCfg = Debug|Any CPU
		{FB288D9D-ED62-4182-B440-3909A6C19F14}.Debug|Any CPU.Build.0 = Debug|Any CPU
		{FB288D9D-ED62-4182-B440-3909A6C19F14}.Release|Any CPU.ActiveCfg = Release|Any CPU
		{FB288D9D-ED62-4182-B440-3909A6C19F14}.Release|Any CPU.Build.0 = Release|Any CPU
	EndGlobalSection
	GlobalSection(SolutionProperties) = preSolution
		HideSolutionNode = FALSE
	EndGlobalSection
	GlobalSection(ExtensibilityGlobals) = postSolution
		SolutionGuid = {08986B0D-107E-4425-9320-69A6A047D016}
	EndGlobalSection
EndGlobal
